
Microsoft Visual Studio Solution File, Format Version 12.00
# Visual Studio Version 17
VisualStudioVersion = 17.6.33815.320
MinimumVisualStudioVersion = 10.0.40219.1
Project("{FAE04EC0-301F-11D3-BF4B-00C04F79EFBC}") = "Task32.MVC", "Task32.MVC\Task32.MVC.csproj", "{12C1C912-E942-4098-8AB9-C58647B0A19D}"
EndProject
Global
	GlobalSection(SolutionConfigurationPlatforms) = preSolution
		Debug|Any CPU = Debug|Any CPU
		Release|Any CPU = Release|Any CPU
	EndGlobalSection
	GlobalSection(ProjectConfigurationPlatforms) = postSolution
		{12C1C912-E942-4098-8AB9-C58647B0A19D}.Debug|Any CPU.ActiveCfg = Debug|Any CPU
		{12C1C912-E942-4098-8AB9-C58647B0A19D}.Debug|Any CPU.Build.0 = Debug|Any CPU
		{12C1C912-E942-4098-8AB9-C58647B0A19D}.Release|Any CPU.ActiveCfg = Release|Any CPU
		{12C1C912-E942-4098-8AB9-C58647B0A19D}.Release|Any CPU.Build.0 = Release|Any CPU
	EndGlobalSection
	GlobalSection(SolutionProperties) = preSolution
		HideSolutionNode = FALSE
	EndGlobalSection
	GlobalSection(ExtensibilityGlobals) = postSolution
		SolutionGuid = {CDDBD9BD-47F4-4975-8951-50D2C9A73904}
	EndGlobalSection
EndGlobal
